
Microsoft Visual Studio Solution File, Format Version 12.00
# Visual Studio Version 17
VisualStudioVersion = 17.4.33213.308
MinimumVisualStudioVersion = 10.0.40219.1
Project("{9A19103F-16F7-4668-BE54-9A1E7A4F7556}") = "IntroductionToCsharp", "IntroductionToCsharp\IntroductionToCsharp.csproj", "{2EF2102C-401B-4BC5-B11D-11679834F420}"
EndProject
Project("{9A19103F-16F7-4668-BE54-9A1E7A4F7556}") = "DrivingLicenceApproval", "DrivingLicenceApproval\DrivingLicenceApproval.csproj", "{C48C4CC0-7508-409F-9799-832D716495C5}"
EndProject
Project("{9A19103F-16F7-4668-BE54-9A1E7A4F7556}") = "ArrayMultiplication", "ArrayMultiplication\ArrayMultiplication.csproj", "{54BE0FBB-93E2-4760-8C48-968C977CE8BC}"
EndProject
Project("{9A19103F-16F7-4668-BE54-9A1E7A4F7556}") = "Quiz", "Quiz\Quiz.csproj", "{90371E9A-662D-4719-B0AE-63BD200D5364}"
EndProject
Project("{FAE04EC0-301F-11D3-BF4B-00C04F79EFBC}") = "GameInheritance", "GameInheritance\GameInheritance.csproj", "{5666AE9A-1CC4-4858-A49A-B48339185AF6}"
EndProject
Project("{FAE04EC0-301F-11D3-BF4B-00C04F79EFBC}") = "DisplayProductDetails", "DisplayProductDetails\DisplayProductDetails.csproj", "{7E8F070A-1C09-4A96-9ECA-01DA379B0C7F}"
EndProject
Project("{FAE04EC0-301F-11D3-BF4B-00C04F79EFBC}") = "Product", "Product\Product.csproj", "{5D44F890-7A11-4254-ADCE-B58FE4A845A1}"
EndProject
Global
	GlobalSection(SolutionConfigurationPlatforms) = preSolution
		Debug|Any CPU = Debug|Any CPU
		Release|Any CPU = Release|Any CPU
	EndGlobalSection
	GlobalSection(ProjectConfigurationPlatforms) = postSolution
		{2EF2102C-401B-4BC5-B11D-11679834F420}.Debug|Any CPU.ActiveCfg = Debug|Any CPU
		{2EF2102C-401B-4BC5-B11D-11679834F420}.Debug|Any CPU.Build.0 = Debug|Any CPU
		{2EF2102C-401B-4BC5-B11D-11679834F420}.Release|Any CPU.ActiveCfg = Release|Any CPU
		{2EF2102C-401B-4BC5-B11D-11679834F420}.Release|Any CPU.Build.0 = Release|Any CPU
		{C48C4CC0-7508-409F-9799-832D716495C5}.Debug|Any CPU.ActiveCfg = Debug|Any CPU
		{C48C4CC0-7508-409F-9799-832D716495C5}.Debug|Any CPU.Build.0 = Debug|Any CPU
		{C48C4CC0-7508-409F-9799-832D716495C5}.Release|Any CPU.ActiveCfg = Release|Any CPU
		{C48C4CC0-7508-409F-9799-832D716495C5}.Release|Any CPU.Build.0 = Release|Any CPU
		{54BE0FBB-93E2-4760-8C48-968C977CE8BC}.Debug|Any CPU.ActiveCfg = Debug|Any CPU
		{54BE0FBB-93E2-4760-8C48-968C977CE8BC}.Debug|Any CPU.Build.0 = Debug|Any CPU
		{54BE0FBB-93E2-4760-8C48-968C977CE8BC}.Release|Any CPU.ActiveCfg = Release|Any CPU
		{54BE0FBB-93E2-4760-8C48-968C977CE8BC}.Release|Any CPU.Build.0 = Release|Any CPU
		{90371E9A-662D-4719-B0AE-63BD200D5364}.Debug|Any CPU.ActiveCfg = Debug|Any CPU
		{90371E9A-662D-4719-B0AE-63BD200D5364}.Debug|Any CPU.Build.0 = Debug|Any CPU
		{90371E9A-662D-4719-B0AE-63BD200D5364}.Release|Any CPU.ActiveCfg = Release|Any CPU
		{90371E9A-662D-4719-B0AE-63BD200D5364}.Release|Any CPU.Build.0 = Release|Any CPU
		{5666AE9A-1CC4-4858-A49A-B48339185AF6}.Debug|Any CPU.ActiveCfg = Debug|Any CPU
		{5666AE9A-1CC4-4858-A49A-B48339185AF6}.Debug|Any CPU.Build.0 = Debug|Any CPU
		{5666AE9A-1CC4-4858-A49A-B48339185AF6}.Release|Any CPU.ActiveCfg = Release|Any CPU
		{5666AE9A-1CC4-4858-A49A-B48339185AF6}.Release|Any CPU.Build.0 = Release|Any CPU
		{7E8F070A-1C09-4A96-9ECA-01DA379B0C7F}.Debug|Any CPU.ActiveCfg = Debug|Any CPU
		{7E8F070A-1C09-4A96-9ECA-01DA379B0C7F}.Debug|Any CPU.Build.0 = Debug|Any CPU
		{7E8F070A-1C09-4A96-9ECA-01DA379B0C7F}.Release|Any CPU.ActiveCfg = Release|Any CPU
		{7E8F070A-1C09-4A96-9ECA-01DA379B0C7F}.Release|Any CPU.Build.0 = Release|Any CPU
		{5D44F890-7A11-4254-ADCE-B58FE4A845A1}.Debug|Any CPU.ActiveCfg = Debug|Any CPU
		{5D44F890-7A11-4254-ADCE-B58FE4A845A1}.Debug|Any CPU.Build.0 = Debug|Any CPU
		{5D44F890-7A11-4254-ADCE-B58FE4A845A1}.Release|Any CPU.ActiveCfg = Release|Any CPU
		{5D44F890-7A11-4254-ADCE-B58FE4A845A1}.Release|Any CPU.Build.0 = Release|Any CPU
	EndGlobalSection
	GlobalSection(SolutionProperties) = preSolution
		HideSolutionNode = FALSE
	EndGlobalSection
	GlobalSection(ExtensibilityGlobals) = postSolution
		SolutionGuid = {24325FD3-4BE9-4E92-AA5A-D14F154E75DD}
	EndGlobalSection
EndGlobal
